
Microsoft Visual Studio Solution File, Format Version 12.00
Project("{FAE04EC0-301F-11D3-BF4B-00C04F79EFBC}") = "WordWrapKata", "WordWrapKata\WordWrapKata.csproj", "{9EA652BF-620F-45CD-AE9B-B628A9202721}"
EndProject
Project("{FAE04EC0-301F-11D3-BF4B-00C04F79EFBC}") = "WordWrapKata.Tests", "WordWrapKata.Tests\WordWrapKata.Tests.csproj", "{5B401693-EF66-440C-91AB-E592C78548DE}"
EndProject
Global
	GlobalSection(SolutionConfigurationPlatforms) = preSolution
		Debug|Any CPU = Debug|Any CPU
		Release|Any CPU = Release|Any CPU
	EndGlobalSection
	GlobalSection(ProjectConfigurationPlatforms) = postSolution
		{9EA652BF-620F-45CD-AE9B-B628A9202721}.Debug|Any CPU.ActiveCfg = Debug|Any CPU
		{9EA652BF-620F-45CD-AE9B-B628A9202721}.Debug|Any CPU.Build.0 = Debug|Any CPU
		{9EA652BF-620F-45CD-AE9B-B628A9202721}.Release|Any CPU.ActiveCfg = Release|Any CPU
		{9EA652BF-620F-45CD-AE9B-B628A9202721}.Release|Any CPU.Build.0 = Release|Any CPU
		{5B401693-EF66-440C-91AB-E592C78548DE}.Debug|Any CPU.ActiveCfg = Debug|Any CPU
		{5B401693-EF66-440C-91AB-E592C78548DE}.Debug|Any CPU.Build.0 = Debug|Any CPU
		{5B401693-EF66-440C-91AB-E592C78548DE}.Release|Any CPU.ActiveCfg = Release|Any CPU
		{5B401693-EF66-440C-91AB-E592C78548DE}.Release|Any CPU.Build.0 = Release|Any CPU
	EndGlobalSection
EndGlobal
