
Microsoft Visual Studio Solution File, Format Version 12.00
Project("{FAE04EC0-301F-11D3-BF4B-00C04F79EFBC}") = "TemplateEngine", "TemplateEngine\TemplateEngine.csproj", "{F93D86D5-151B-411F-83F5-850AD869B5C2}"
EndProject
Project("{FAE04EC0-301F-11D3-BF4B-00C04F79EFBC}") = "TemplateEngine.Test", "TemplateEngine.Test\TemplateEngine.Test.csproj", "{DD562945-C4AB-4818-A3F5-AEE2711C0D0A}"
EndProject
Global
	GlobalSection(SolutionConfigurationPlatforms) = preSolution
		Debug|Any CPU = Debug|Any CPU
		Release|Any CPU = Release|Any CPU
	EndGlobalSection
	GlobalSection(ProjectConfigurationPlatforms) = postSolution
		{F93D86D5-151B-411F-83F5-850AD869B5C2}.Debug|Any CPU.ActiveCfg = Debug|Any CPU
		{F93D86D5-151B-411F-83F5-850AD869B5C2}.Debug|Any CPU.Build.0 = Debug|Any CPU
		{F93D86D5-151B-411F-83F5-850AD869B5C2}.Release|Any CPU.ActiveCfg = Release|Any CPU
		{F93D86D5-151B-411F-83F5-850AD869B5C2}.Release|Any CPU.Build.0 = Release|Any CPU
		{DD562945-C4AB-4818-A3F5-AEE2711C0D0A}.Debug|Any CPU.ActiveCfg = Debug|Any CPU
		{DD562945-C4AB-4818-A3F5-AEE2711C0D0A}.Debug|Any CPU.Build.0 = Debug|Any CPU
		{DD562945-C4AB-4818-A3F5-AEE2711C0D0A}.Release|Any CPU.ActiveCfg = Release|Any CPU
		{DD562945-C4AB-4818-A3F5-AEE2711C0D0A}.Release|Any CPU.Build.0 = Release|Any CPU
	EndGlobalSection
EndGlobal
